github.com/erikstmartin/go-testdb v0.0.0-20160219214506-8d10e4a1bae5 h1:Yzb9+7DPaBjB8zlTR87/ElzFsnQfuHnVUVqpZZIcV5Y=
github.com/erikstmartin/go-testdb v0.0.0-20160219214506-8d10e4a1bae5/go.mod h1:a2zkGnVExMxdzMo3M0Hi/3sEU+cWnZpSni0O6/Yb/P0=
github.com/kellydunn/golang-geo v0.7.0 h1:A5j0/BvNgGwY6Yb6inXQxzYwlPHc6WVZR+MrarZYNNg=
github.com/kellydunn/golang-geo v0.7.0/go.mod h1:YYlQPJ+DPEzrHx8kT3oPHC/NjyvCCXE+IuKGKdrjrcU=
github.com/kylelemons/go-gypsy v0.0.0-20160905020020-08cad365cd28 h1:mkl3tvPHIuPaWsLtmHTybJeoVEW7cbePK73Ir8VtruA=
github.com/kylelemons/go-gypsy v0.0.0-20160905020020-08cad365cd28/go.mod h1:T/T7jsxVqf9k/zYOqbgNAsANsjxTd1Yq3htjDhQ1H0c=
github.com/lib/pq v1.2.0 h1:LXpIM/LZ5xGFhOpXAQUIMM1HdyqzVYM13zNdjCEEcA0=
github.com/lib/pq v1.2.0/go.mod h1:5WUZQaWbwv1U+lTReE5YruASi9Al49XbQIvNi/34Woo=
github.com/ogier/pflag v0.0.1 h1:RW6JSWSu/RkSatfcLtogGfFgpim5p7ARQ10ECk5O750=
github.com/ogier/pflag v0.0.1/go.mod h1:zkFki7tvTa0tafRvTBIZTvzYyAu6kQhPZFnshFFPE+g=
github.com/pietroglyph/go-wsf v0.0.0-20171126195529-2c7338d9bbb4 h1:intGUkHotQrnLxaO7wdom1sDzAKXbADbI8w+NABoEAo=
github.com/pietroglyph/go-wsf v0.0.0-20171126195529-2c7338d9bbb4/go.mod h1:I4Ls1Ql+/uhbF0hC3bT+llzFfraj+mIGVAv4O/Kxd/U=
github.com/skelterjohn/geom v0.0.0-20180103142417-96f3e8a219c5 h1:qQF/q/+xaKD4CAVz3zfuvpij8U4ihSGIhHfOROI4NFc=
github.com/skelterjohn/geom v0.0.0-20180103142417-96f3e8a219c5/go.mod h1:w8cQIijHlvvZM7afYlixPThHAdD+AkRFw3Mb9yQ2Y+I=
github.com/ziutek/mymysql v1.5.4 h1:GB0qdRGsTwQSBVYuVShFBKaXSnSnYYC2d9knnE1LHFs=
github.com/ziutek/mymysql v1.5.4/go.mod h1:LMSpPZ6DbqWFxNCHW77HeMg9I646SAhApZ/wKdgO/C0=
